
Microsoft Visual Studio Solution File, Format Version 12.00
# Visual Studio Version 17
VisualStudioVersion = 17.13.35913.81 d17.13
MinimumVisualStudioVersion = 10.0.40219.1
Project("{888888A0-9F3D-457C-B088-3A5042F75D52}") = "QuestionThreePracticalTwo", "QuestionThreePracticalTwo.pyproj", "{22562DFD-8EF9-4C4C-8C11-821E2C386F67}"
EndProject
Global
	GlobalSection(SolutionConfigurationPlatforms) = preSolution
		Debug|Any CPU = Debug|Any CPU
		Release|Any CPU = Release|Any CPU
	EndGlobalSection
	GlobalSection(ProjectConfigurationPlatforms) = postSolution
		{22562DFD-8EF9-4C4C-8C11-821E2C386F67}.Debug|Any CPU.ActiveCfg = Debug|Any CPU
		{22562DFD-8EF9-4C4C-8C11-821E2C386F67}.Release|Any CPU.ActiveCfg = Release|Any CPU
	EndGlobalSection
	GlobalSection(SolutionProperties) = preSolution
		HideSolutionNode = FALSE
	EndGlobalSection
	GlobalSection(ExtensibilityGlobals) = postSolution
		SolutionGuid = {00C8CA04-E2CD-438B-BB14-67D74517A301}
	EndGlobalSection
EndGlobal
